<?xml version="1.0" encoding="UTF-8" standalone="yes" ?>
<CodeBlocks_project_file>
	<FileVersion major="1" minor="6" />
	<Project>
		<Option title="ImageScaling" />
		<Option pch_mode="2" />
		<Option compiler="gcc" />
		<Build>
			<Target title="Debug">
				<Option output="bin/Debug/ImageScaling" prefix_auto="1" extension_auto="1" />
				<Option object_output="obj/Debug/" />
				<Option type="1" />
				<Option compiler="gcc" />
				<Compiler>
					<Add option="-g" />
				</Compiler>
			</Target>
			<Target title="Release">
				<Option output="bin/Release/ImageScaling" prefix_auto="1" extension_auto="1" />
				<Option object_output="obj/Release/" />
				<Option type="1" />
				<Option compiler="gcc" />
				<Compiler>
					<Add option="-O3" />
				</Compiler>
				<Linker>
					<Add option="-s" />
				</Linker>
			</Target>
			<Target title="Release-window">
				<Option output="bin/Release-Window/ImageScaling" prefix_auto="1" extension_auto="1" />
				<Option object_output="obj/Release-Window/" />
				<Option type="1" />
				<Option compiler="mingw" />
				<Option projectCompilerOptionsRelation="1" />
				<Option projectLinkerOptionsRelation="1" />
				<Option projectIncludeDirsRelation="1" />
				<Option projectLibDirsRelation="1" />
				<Compiler>
					<Add option="-std=c++11" />
					<Add option="-g" />
					<Add option="-DNDEBUG" />
					<Add option="-DCINTERFACE" />
					<Add option="-D_MSC_VER=1800" />
					<Add directory="../../shared/SFML-2.4.0-Mingw/SFML/include" />
					<Add directory="../../shared/imgui" />
				</Compiler>
				<Linker>
					<Add option="-static-libgcc" />
					<Add option="-static-libstdc++" />
					<Add library="../../shared/imgui/libimgui.so" />
					<Add library="sfml-graphics" />
					<Add library="sfml-window" />
					<Add library="sfml-system" />
					<Add directory="../../shared/SFML-2.4.0-Mingw/SFML/lib" />
				</Linker>
			</Target>
		</Build>
		<Compiler>
			<Add option="-std=c++14" />
			<Add option="-Wall" />
			<Add option="-fexceptions" />
			<Add option="-DNDEBUG" />
			<Add directory="../../shared/imgui" />
		</Compiler>
		<Linker>
			<Add library="sfml-system" />
			<Add library="sfml-graphics" />
			<Add library="sfml-window" />
			<Add library="../../shared/imgui/libimgui.a" />
			<Add library="GL" />
		</Linker>
		<Unit filename="../../shared/imgui/imgui-SFML.h" />
		<Unit filename="../../shared/imgui/imgui.h" />
		<Unit filename="../../shared/imgui/imgui_demo.cpp" />
		<Unit filename="fileOperation/fileOperation.cpp" />
		<Unit filename="fileOperation/fileOperation.hpp" />
		<Unit filename="hqx/hqx.cpp" />
		<Unit filename="hqx/hqx.hpp" />
		<Unit filename="hqx/rgbToYuv.cpp" />
		<Unit filename="hqx/rgbToYuv.hpp" />
		<Unit filename="main.cpp" />
		<Unit filename="portable/dirent_portable.h" />
		<Unit filename="portable/dirent_window.h" />
		<Unit filename="xbrz/config.h" />
		<Unit filename="xbrz/xbrz.cpp" />
		<Unit filename="xbrz/xbrz.h" />
		<Extensions>
			<code_completion />
			<envvars />
			<debugger />
		</Extensions>
	</Project>
</CodeBlocks_project_file>
